{
  "version": 4,
  "terraform_version": "1.9.4",
  "serial": 7,
  "lineage": "0865bbe0-09f8-eff6-1e59-8f3db557e37e",
  "outputs": {
    "secret_value": {
      "value": "sXTvafoBh22bXk492Lp-OOaPRdcQJx3MtdOytgoBjgEOMQXT_nKoSISgxMF0MoEIZqrqMdiuycrK4sXgVc2cMmDZRG0Nsucze2x9hPJ8N-YDa6dPON9xU0nrtGf49E4BT1fdRt8c2zQHS_25K-JaZlhrWuy3wAbczUFTzqsvxPYs4ku704gXrPKH-gg1PUI6zYs4dtIoPLzKCDywNDcjBsFV5eLwpDuEnlQ8mnmJt8RmsddBd4tNPTBQXKfHJisIYqjT4qhmTpI4e1LdkEs5dl2Pr2OxpB--ZDE7owaR7sOtbD4mMgeqP7qLP4eaCIKz6WA4mWOlm-evTvVfjcOVew",
      "type": "string"
    }
  },
  "resources": [
    {
      "mode": "data",
      "type": "oci_secrets_secretbundle",
      "name": "oauth_static_key",
      "provider": "provider[\"registry.terraform.io/hashicorp/oci\"]",
      "instances": [
        {
          "schema_version": 0,
          "attributes": {
            "id": "SecretsSecretbundleDataSource-905165162",
            "metadata": {},
            "secret_bundle_content": [
              {
                "content": "c1hUdmFmb0JoMjJiWGs0OTJMcC1PT2FQUmRjUUp4M010ZE95dGdvQmpnRU9NUVhUX25Lb1NJU2d4TUYwTW9FSVpxcnFNZGl1eWNySzRzWGdWYzJjTW1EWlJHME5zdWN6ZTJ4OWhQSjhOLVlEYTZkUE9OOXhVMG5ydEdmNDlFNEJUMWZkUnQ4YzJ6UUhTXzI1Sy1KYVpsaHJXdXkzd0FiY3pVRlR6cXN2eFBZczRrdTcwNGdYclBLSC1nZzFQVUk2ellzNGR0SW9QTHpLQ0R5d05EY2pCc0ZWNWVMd3BEdUVubFE4bW5tSnQ4Um1zZGRCZDR0TlBUQlFYS2ZISmlzSVlxalQ0cWhtVHBJNGUxTGRrRXM1ZGwyUHIyT3hwQi0tWkRFN293YVI3c090YkQ0bU1nZXFQN3FMUDRlYUNJS3o2V0E0bVdPbG0tZXZUdlZmamNPVmV3",
                "content_type": "BASE64"
              }
            ],
            "secret_id": "ocid1.vaultsecret.oc1.iad.amaaaaaa6n4kpkyazyzmp4ylhklsoyidw5qd44kshmf6kzzkc757p6bs3ska",
            "secret_version_name": null,
            "stage": null,
            "stages": [
              "CURRENT",
              "LATEST"
            ],
            "time_created": "2024-09-12 16:33:33.097 +0000 UTC",
            "time_of_deletion": null,
            "time_of_expiry": null,
            "version_name": null,
            "version_number": "1"
          },
          "sensitive_attributes": []
        }
      ]
    },
    {
      "mode": "managed",
      "type": "oci_apigateway_deployment",
      "name": "gw_deployment",
      "provider": "provider[\"registry.terraform.io/hashicorp/oci\"]",
      "instances": [
        {
          "index_key": 0,
          "schema_version": 0,
          "attributes": {
            "compartment_id": "ocid1.compartment.oc1..aaaaaaaayp3344wjk7ezaf5s7acep5sxm6q4cdegpu3lyt3dgp7vd5oifr6q",
            "defined_tags": {},
            "display_name": "oal_test_shared_ai_gateway_deployment",
            "endpoint": "https://j3o24jusjjmse55s5aicjwult4.apigateway.us-ashburn-1.oci.customer-oci.com/",
            "freeform_tags": {},
            "gateway_id": "ocid1.apigateway.oc1.iad.amaaaaaa6n4kpkya5yawy6u3lku6mpy3tpllzrbggmouwdhkmp3tjtr5tqga",
            "id": "ocid1.apideployment.oc1.iad.amaaaaaa6n4kpkyas6fbovdwekhg6prpkyd2iaxkmj3lkjn3elw7aq77jayq",
            "lifecycle_details": null,
            "path_prefix": "/",
            "specification": [
              {
                "logging_policies": [
                  {
                    "access_log": [],
                    "execution_log": [
                      {
                        "is_enabled": false,
                        "log_level": ""
                      }
                    ]
                  }
                ],
                "request_policies": [
                  {
                    "authentication": [
                      {
                        "audiences": [
                          "j3o24jusjjmse55s5aicjwult4.apigateway.us-ashburn-1.oci.customer-oci.com"
                        ],
                        "cache_key": [],
                        "function_id": "",
                        "is_anonymous_access_allowed": false,
                        "issuers": [
                          "https://identity.oraclecloud.com/"
                        ],
                        "max_clock_skew_in_seconds": 30,
                        "parameters": {},
                        "public_keys": [
                          {
                            "is_ssl_verify_disabled": false,
                            "keys": [
                              {
                                "alg": "RS256",
                                "e": "AQAB",
                                "format": "JSON_WEB_KEY",
                                "key": "",
                                "key_ops": [],
                                "kid": "SIGNING_KEY",
                                "kty": "RSA",
                                "n": "sXTvafoBh22bXk492Lp-OOaPRdcQJx3MtdOytgoBjgEOMQXT_nKoSISgxMF0MoEIZqrqMdiuycrK4sXgVc2cMmDZRG0Nsucze2x9hPJ8N-YDa6dPON9xU0nrtGf49E4BT1fdRt8c2zQHS_25K-JaZlhrWuy3wAbczUFTzqsvxPYs4ku704gXrPKH-gg1PUI6zYs4dtIoPLzKCDywNDcjBsFV5eLwpDuEnlQ8mnmJt8RmsddBd4tNPTBQXKfHJisIYqjT4qhmTpI4e1LdkEs5dl2Pr2OxpB--ZDE7owaR7sOtbD4mMgeqP7qLP4eaCIKz6WA4mWOlm-evTvVfjcOVew",
                                "use": "sig"
                              }
                            ],
                            "max_cache_duration_in_hours": 0,
                            "type": "STATIC_KEYS",
                            "uri": ""
                          }
                        ],
                        "token_auth_scheme": "Bearer",
                        "token_header": "Authorization",
                        "token_query_param": "",
                        "type": "JWT_AUTHENTICATION",
                        "validation_failure_policy": [],
                        "validation_policy": [],
                        "verify_claims": []
                      }
                    ],
                    "cors": [],
                    "dynamic_authentication": [],
                    "mutual_tls": [],
                    "rate_limiting": [],
                    "usage_plans": []
                  }
                ],
                "routes": [
                  {
                    "backend": [
                      {
                        "allowed_post_logout_uris": [],
                        "body": "",
                        "connect_timeout_in_seconds": 60,
                        "function_id": "",
                        "headers": [],
                        "is_ssl_verify_disabled": false,
                        "post_logout_state": "",
                        "read_timeout_in_seconds": 10,
                        "routing_backends": [],
                        "selection_source": [],
                        "send_timeout_in_seconds": 10,
                        "status": 0,
                        "type": "HTTP_BACKEND",
                        "url": "http://10.3.232.112:80/generate"
                      }
                    ],
                    "logging_policies": [],
                    "methods": [
                      "POST"
                    ],
                    "path": "/generate/gpu",
                    "request_policies": [
                      {
                        "authorization": [
                          {
                            "allowed_scope": [],
                            "type": "AUTHENTICATION_ONLY"
                          }
                        ],
                        "body_validation": [],
                        "cors": [],
                        "header_transformations": [],
                        "header_validations": [],
                        "query_parameter_transformations": [],
                        "query_parameter_validations": [],
                        "response_cache_lookup": []
                      }
                    ],
                    "response_policies": []
                  },
                  {
                    "backend": [
                      {
                        "allowed_post_logout_uris": [],
                        "body": "",
                        "connect_timeout_in_seconds": 60,
                        "function_id": "",
                        "headers": [],
                        "is_ssl_verify_disabled": false,
                        "post_logout_state": "",
                        "read_timeout_in_seconds": 10,
                        "routing_backends": [],
                        "selection_source": [],
                        "send_timeout_in_seconds": 10,
                        "status": 0,
                        "type": "HTTP_BACKEND",
                        "url": "http://10.3.232.112:8001/completion"
                      }
                    ],
                    "logging_policies": [],
                    "methods": [
                      "POST"
                    ],
                    "path": "/generate/cpu",
                    "request_policies": [
                      {
                        "authorization": [
                          {
                            "allowed_scope": [],
                            "type": "AUTHENTICATION_ONLY"
                          }
                        ],
                        "body_validation": [],
                        "cors": [],
                        "header_transformations": [],
                        "header_validations": [],
                        "query_parameter_transformations": [],
                        "query_parameter_validations": [],
                        "response_cache_lookup": []
                      }
                    ],
                    "response_policies": []
                  },
                  {
                    "backend": [
                      {
                        "allowed_post_logout_uris": [],
                        "body": "",
                        "connect_timeout_in_seconds": 60,
                        "function_id": "",
                        "headers": [],
                        "is_ssl_verify_disabled": false,
                        "post_logout_state": "",
                        "read_timeout_in_seconds": 10,
                        "routing_backends": [],
                        "selection_source": [],
                        "send_timeout_in_seconds": 10,
                        "status": 0,
                        "type": "HTTP_BACKEND",
                        "url": "http://10.3.232.112:80/v1/chat/completions"
                      }
                    ],
                    "logging_policies": [],
                    "methods": [
                      "POST"
                    ],
                    "path": "/agents/tgi/v1/chat/completions",
                    "request_policies": [
                      {
                        "authorization": [
                          {
                            "allowed_scope": [],
                            "type": "AUTHENTICATION_ONLY"
                          }
                        ],
                        "body_validation": [],
                        "cors": [],
                        "header_transformations": [],
                        "header_validations": [],
                        "query_parameter_transformations": [],
                        "query_parameter_validations": [],
                        "response_cache_lookup": []
                      }
                    ],
                    "response_policies": []
                  },
                  {
                    "backend": [
                      {
                        "allowed_post_logout_uris": [],
                        "body": "",
                        "connect_timeout_in_seconds": 60,
                        "function_id": "",
                        "headers": [],
                        "is_ssl_verify_disabled": false,
                        "post_logout_state": "",
                        "read_timeout_in_seconds": 10,
                        "routing_backends": [],
                        "selection_source": [],
                        "send_timeout_in_seconds": 10,
                        "status": 0,
                        "type": "HTTP_BACKEND",
                        "url": "http://10.3.232.33:80/v1/chat/completions"
                      }
                    ],
                    "logging_policies": [],
                    "methods": [
                      "POST"
                    ],
                    "path": "/agents/vllm/v1/chat/completions",
                    "request_policies": [
                      {
                        "authorization": [
                          {
                            "allowed_scope": [],
                            "type": "AUTHENTICATION_ONLY"
                          }
                        ],
                        "body_validation": [],
                        "cors": [],
                        "header_transformations": [],
                        "header_validations": [],
                        "query_parameter_transformations": [],
                        "query_parameter_validations": [],
                        "response_cache_lookup": []
                      }
                    ],
                    "response_policies": []
                  },
                  {
                    "backend": [
                      {
                        "allowed_post_logout_uris": [],
                        "body": "",
                        "connect_timeout_in_seconds": 60,
                        "function_id": "",
                        "headers": [],
                        "is_ssl_verify_disabled": false,
                        "post_logout_state": "",
                        "read_timeout_in_seconds": 10,
                        "routing_backends": [],
                        "selection_source": [],
                        "send_timeout_in_seconds": 10,
                        "status": 0,
                        "type": "HTTP_BACKEND",
                        "url": "http://10.3.232.112:8001/v1/chat/completions"
                      }
                    ],
                    "logging_policies": [],
                    "methods": [
                      "POST"
                    ],
                    "path": "/agents/cpu/v1/chat/completions",
                    "request_policies": [
                      {
                        "authorization": [
                          {
                            "allowed_scope": [],
                            "type": "AUTHENTICATION_ONLY"
                          }
                        ],
                        "body_validation": [],
                        "cors": [],
                        "header_transformations": [],
                        "header_validations": [],
                        "query_parameter_transformations": [],
                        "query_parameter_validations": [],
                        "response_cache_lookup": []
                      }
                    ],
                    "response_policies": []
                  },
                  {
                    "backend": [
                      {
                        "allowed_post_logout_uris": [],
                        "body": "",
                        "connect_timeout_in_seconds": 60,
                        "function_id": "",
                        "headers": [],
                        "is_ssl_verify_disabled": false,
                        "post_logout_state": "",
                        "read_timeout_in_seconds": 10,
                        "routing_backends": [],
                        "selection_source": [],
                        "send_timeout_in_seconds": 10,
                        "status": 0,
                        "type": "HTTP_BACKEND",
                        "url": "http://10.3.232.33:80/v1/completions"
                      }
                    ],
                    "logging_policies": [],
                    "methods": [
                      "POST"
                    ],
                    "path": "/generate/vllm",
                    "request_policies": [
                      {
                        "authorization": [
                          {
                            "allowed_scope": [],
                            "type": "AUTHENTICATION_ONLY"
                          }
                        ],
                        "body_validation": [],
                        "cors": [],
                        "header_transformations": [],
                        "header_validations": [],
                        "query_parameter_transformations": [],
                        "query_parameter_validations": [],
                        "response_cache_lookup": []
                      }
                    ],
                    "response_policies": []
                  }
                ]
              }
            ],
            "state": "ACTIVE",
            "time_created": "2024-09-15 11:47:13.747 +0000 UTC",
            "time_updated": "2024-09-15 11:50:05.883 +0000 UTC",
            "timeouts": null
          },
          "sensitive_attributes": [],
          "private": "eyJlMmJmYjczMC1lY2FhLTExZTYtOGY4OC0zNDM2M2JjN2M0YzAiOnsiY3JlYXRlIjoxMjAwMDAwMDAwMDAwLCJkZWxldGUiOjEyMDAwMDAwMDAwMDAsInVwZGF0ZSI6MTIwMDAwMDAwMDAwMH19",
          "dependencies": [
            "oci_apigateway_gateway.apigateway"
          ]
        }
      ]
    },
    {
      "mode": "managed",
      "type": "oci_apigateway_gateway",
      "name": "apigateway",
      "provider": "provider[\"registry.terraform.io/hashicorp/oci\"]",
      "instances": [
        {
          "schema_version": 0,
          "attributes": {
            "ca_bundles": [],
            "certificate_id": null,
            "compartment_id": "ocid1.compartment.oc1..aaaaaaaayp3344wjk7ezaf5s7acep5sxm6q4cdegpu3lyt3dgp7vd5oifr6q",
            "defined_tags": {},
            "display_name": "oal_test_shared_ai_gateway",
            "endpoint_type": "PUBLIC",
            "freeform_tags": {},
            "hostname": "j3o24jusjjmse55s5aicjwult4.apigateway.us-ashburn-1.oci.customer-oci.com",
            "id": "ocid1.apigateway.oc1.iad.amaaaaaa6n4kpkya5yawy6u3lku6mpy3tpllzrbggmouwdhkmp3tjtr5tqga",
            "ip_addresses": [
              {
                "ip_address": "147.154.42.47"
              }
            ],
            "lifecycle_details": null,
            "network_security_group_ids": [],
            "response_cache_details": [
              {
                "authentication_secret_id": "",
                "authentication_secret_version_number": "",
                "connect_timeout_in_ms": 0,
                "is_ssl_enabled": false,
                "is_ssl_verify_disabled": false,
                "read_timeout_in_ms": 0,
                "send_timeout_in_ms": 0,
                "servers": [],
                "type": "NONE"
              }
            ],
            "state": "ACTIVE",
            "subnet_id": "ocid1.subnet.oc1.iad.aaaaaaaaoaixgtgoo3sggsfzycct5ys43a72kiaz5n5vl6ob6vcytxt74wyq",
            "time_created": "2024-09-12 17:11:09.606 +0000 UTC",
            "time_updated": "2024-09-15 11:47:13.764 +0000 UTC",
            "timeouts": null
          },
          "sensitive_attributes": [],
          "private": "eyJlMmJmYjczMC1lY2FhLTExZTYtOGY4OC0zNDM2M2JjN2M0YzAiOnsiY3JlYXRlIjoxMjAwMDAwMDAwMDAwLCJkZWxldGUiOjEyMDAwMDAwMDAwMDAsInVwZGF0ZSI6MTIwMDAwMDAwMDAwMH19"
        }
      ]
    }
  ],
  "check_results": null
}
