{
  "version": 4,
  "terraform_version": "1.9.4",
  "serial": 12,
  "lineage": "367916b9-8f64-7da5-c721-cf03386da36b",
  "outputs": {},
  "resources": [
    {
      "mode": "managed",
      "type": "oci_apigateway_deployment",
      "name": "gw_deployment",
      "provider": "provider[\"registry.terraform.io/hashicorp/oci\"]",
      "instances": [
        {
          "index_key": 0,
          "schema_version": 0,
          "attributes": {
            "compartment_id": "ocid1.compartment.oc1..aaaaaaaayp3344wjk7ezaf5s7acep5sxm6q4cdegpu3lyt3dgp7vd5oifr6q",
            "defined_tags": {},
            "display_name": "api-gateway-shared-infra",
            "endpoint": "https://jn3editodptpe7eqpafbinssry.apigateway.us-ashburn-1.oci.customer-oci.com/",
            "freeform_tags": {},
            "gateway_id": "ocid1.apigateway.oc1.iad.amaaaaaa6n4kpkya43f77bq7pcyxi636fjzk6sf2ufl5pdf56lcpvwpq52ha",
            "id": "ocid1.apideployment.oc1.iad.amaaaaaa6n4kpkyaocfcmclal27w6uken36wnmwpiictwc4m3nq5xfc62uva",
            "lifecycle_details": null,
            "path_prefix": "/",
            "specification": [
              {
                "logging_policies": [
                  {
                    "access_log": [],
                    "execution_log": [
                      {
                        "is_enabled": false,
                        "log_level": "INFO"
                      }
                    ]
                  }
                ],
                "request_policies": [
                  {
                    "authentication": [],
                    "cors": [],
                    "dynamic_authentication": [],
                    "mutual_tls": [
                      {
                        "allowed_sans": [],
                        "is_verified_certificate_required": false
                      }
                    ],
                    "rate_limiting": [],
                    "usage_plans": [
                      {
                        "token_locations": [
                          "request.headers[client-id]"
                        ]
                      }
                    ]
                  }
                ],
                "routes": [
                  {
                    "backend": [
                      {
                        "allowed_post_logout_uris": [],
                        "body": "",
                        "connect_timeout_in_seconds": 75,
                        "function_id": "",
                        "headers": [],
                        "is_ssl_verify_disabled": false,
                        "post_logout_state": "",
                        "read_timeout_in_seconds": 60,
                        "routing_backends": [],
                        "selection_source": [],
                        "send_timeout_in_seconds": 60,
                        "status": 0,
                        "type": "HTTP_BACKEND",
                        "url": "http://10.3.232.112:80/generate"
                      }
                    ],
                    "logging_policies": [
                      {
                        "access_log": [],
                        "execution_log": [
                          {
                            "is_enabled": false,
                            "log_level": ""
                          }
                        ]
                      }
                    ],
                    "methods": [
                      "POST"
                    ],
                    "path": "/generate/gpu",
                    "request_policies": [
                      {
                        "authorization": [],
                        "body_validation": [],
                        "cors": [],
                        "header_transformations": [],
                        "header_validations": [],
                        "query_parameter_transformations": [],
                        "query_parameter_validations": [],
                        "response_cache_lookup": []
                      }
                    ],
                    "response_policies": [
                      {
                        "header_transformations": [],
                        "response_cache_store": []
                      }
                    ]
                  },
                  {
                    "backend": [
                      {
                        "allowed_post_logout_uris": [],
                        "body": "",
                        "connect_timeout_in_seconds": 60,
                        "function_id": "",
                        "headers": [],
                        "is_ssl_verify_disabled": false,
                        "post_logout_state": "",
                        "read_timeout_in_seconds": 60,
                        "routing_backends": [],
                        "selection_source": [],
                        "send_timeout_in_seconds": 60,
                        "status": 0,
                        "type": "HTTP_BACKEND",
                        "url": "http://10.3.232.112:8001/completion"
                      }
                    ],
                    "logging_policies": [
                      {
                        "access_log": [],
                        "execution_log": [
                          {
                            "is_enabled": false,
                            "log_level": ""
                          }
                        ]
                      }
                    ],
                    "methods": [
                      "POST"
                    ],
                    "path": "/generate/cpu",
                    "request_policies": [
                      {
                        "authorization": [],
                        "body_validation": [],
                        "cors": [],
                        "header_transformations": [],
                        "header_validations": [],
                        "query_parameter_transformations": [],
                        "query_parameter_validations": [],
                        "response_cache_lookup": []
                      }
                    ],
                    "response_policies": [
                      {
                        "header_transformations": [],
                        "response_cache_store": []
                      }
                    ]
                  },
                  {
                    "backend": [
                      {
                        "allowed_post_logout_uris": [],
                        "body": "",
                        "connect_timeout_in_seconds": 60,
                        "function_id": "",
                        "headers": [],
                        "is_ssl_verify_disabled": false,
                        "post_logout_state": "",
                        "read_timeout_in_seconds": 60,
                        "routing_backends": [],
                        "selection_source": [],
                        "send_timeout_in_seconds": 60,
                        "status": 0,
                        "type": "HTTP_BACKEND",
                        "url": "http://10.3.232.112:80/v1/chat/completions"
                      }
                    ],
                    "logging_policies": [
                      {
                        "access_log": [],
                        "execution_log": [
                          {
                            "is_enabled": false,
                            "log_level": ""
                          }
                        ]
                      }
                    ],
                    "methods": [
                      "POST"
                    ],
                    "path": "/agents/tgi/v1/chat/completions",
                    "request_policies": [
                      {
                        "authorization": [],
                        "body_validation": [],
                        "cors": [],
                        "header_transformations": [],
                        "header_validations": [],
                        "query_parameter_transformations": [],
                        "query_parameter_validations": [],
                        "response_cache_lookup": []
                      }
                    ],
                    "response_policies": [
                      {
                        "header_transformations": [],
                        "response_cache_store": []
                      }
                    ]
                  },
                  {
                    "backend": [
                      {
                        "allowed_post_logout_uris": [],
                        "body": "",
                        "connect_timeout_in_seconds": 60,
                        "function_id": "",
                        "headers": [],
                        "is_ssl_verify_disabled": false,
                        "post_logout_state": "",
                        "read_timeout_in_seconds": 30,
                        "routing_backends": [],
                        "selection_source": [],
                        "send_timeout_in_seconds": 30,
                        "status": 0,
                        "type": "HTTP_BACKEND",
                        "url": "http://10.3.232.33:80/v1/chat/completions"
                      }
                    ],
                    "logging_policies": [
                      {
                        "access_log": [],
                        "execution_log": [
                          {
                            "is_enabled": false,
                            "log_level": ""
                          }
                        ]
                      }
                    ],
                    "methods": [
                      "POST"
                    ],
                    "path": "/agents/vllm/v1/chat/completions",
                    "request_policies": [
                      {
                        "authorization": [],
                        "body_validation": [],
                        "cors": [],
                        "header_transformations": [],
                        "header_validations": [],
                        "query_parameter_transformations": [],
                        "query_parameter_validations": [],
                        "response_cache_lookup": []
                      }
                    ],
                    "response_policies": [
                      {
                        "header_transformations": [],
                        "response_cache_store": []
                      }
                    ]
                  },
                  {
                    "backend": [
                      {
                        "allowed_post_logout_uris": [],
                        "body": "",
                        "connect_timeout_in_seconds": 75,
                        "function_id": "",
                        "headers": [],
                        "is_ssl_verify_disabled": false,
                        "post_logout_state": "",
                        "read_timeout_in_seconds": 60,
                        "routing_backends": [],
                        "selection_source": [],
                        "send_timeout_in_seconds": 60,
                        "status": 0,
                        "type": "HTTP_BACKEND",
                        "url": "http://10.3.232.112:8001/v1/chat/completions"
                      }
                    ],
                    "logging_policies": [
                      {
                        "access_log": [],
                        "execution_log": [
                          {
                            "is_enabled": false,
                            "log_level": ""
                          }
                        ]
                      }
                    ],
                    "methods": [
                      "POST"
                    ],
                    "path": "/agents/cpu/v1/chat/completions",
                    "request_policies": [
                      {
                        "authorization": [],
                        "body_validation": [],
                        "cors": [],
                        "header_transformations": [],
                        "header_validations": [],
                        "query_parameter_transformations": [],
                        "query_parameter_validations": [],
                        "response_cache_lookup": []
                      }
                    ],
                    "response_policies": [
                      {
                        "header_transformations": [],
                        "response_cache_store": []
                      }
                    ]
                  },
                  {
                    "backend": [
                      {
                        "allowed_post_logout_uris": [],
                        "body": "",
                        "connect_timeout_in_seconds": 60,
                        "function_id": "",
                        "headers": [],
                        "is_ssl_verify_disabled": false,
                        "post_logout_state": "",
                        "read_timeout_in_seconds": 30,
                        "routing_backends": [],
                        "selection_source": [],
                        "send_timeout_in_seconds": 30,
                        "status": 0,
                        "type": "HTTP_BACKEND",
                        "url": "http://10.3.232.33:80/v1/completions"
                      }
                    ],
                    "logging_policies": [
                      {
                        "access_log": [],
                        "execution_log": [
                          {
                            "is_enabled": false,
                            "log_level": ""
                          }
                        ]
                      }
                    ],
                    "methods": [
                      "POST"
                    ],
                    "path": "/generate/vllm",
                    "request_policies": [
                      {
                        "authorization": [],
                        "body_validation": [],
                        "cors": [],
                        "header_transformations": [],
                        "header_validations": [],
                        "query_parameter_transformations": [],
                        "query_parameter_validations": [],
                        "response_cache_lookup": []
                      }
                    ],
                    "response_policies": [
                      {
                        "header_transformations": [],
                        "response_cache_store": []
                      }
                    ]
                  }
                ]
              }
            ],
            "state": "ACTIVE",
            "time_created": "2024-07-23 13:23:29.644 +0000 UTC",
            "time_updated": "2024-08-13 20:49:27.862 +0000 UTC",
            "timeouts": null
          },
          "sensitive_attributes": [],
          "private": "eyJlMmJmYjczMC1lY2FhLTExZTYtOGY4OC0zNDM2M2JjN2M0YzAiOnsiY3JlYXRlIjoxMjAwMDAwMDAwMDAwLCJkZWxldGUiOjEyMDAwMDAwMDAwMDAsInVwZGF0ZSI6MTIwMDAwMDAwMDAwMH0sInNjaGVtYV92ZXJzaW9uIjoiMCJ9",
          "dependencies": [
            "oci_apigateway_gateway.apigateway"
          ]
        }
      ]
    },
    {
      "mode": "managed",
      "type": "oci_apigateway_gateway",
      "name": "apigateway",
      "provider": "provider[\"registry.terraform.io/hashicorp/oci\"]",
      "instances": [
        {
          "schema_version": 0,
          "attributes": {
            "ca_bundles": [],
            "certificate_id": null,
            "compartment_id": "ocid1.compartment.oc1..aaaaaaaayp3344wjk7ezaf5s7acep5sxm6q4cdegpu3lyt3dgp7vd5oifr6q",
            "defined_tags": {},
            "display_name": "oal-ai-gateway",
            "endpoint_type": "PUBLIC",
            "freeform_tags": {},
            "hostname": "jn3editodptpe7eqpafbinssry.apigateway.us-ashburn-1.oci.customer-oci.com",
            "id": "ocid1.apigateway.oc1.iad.amaaaaaa6n4kpkya43f77bq7pcyxi636fjzk6sf2ufl5pdf56lcpvwpq52ha",
            "ip_addresses": [
              {
                "ip_address": "169.155.155.36"
              }
            ],
            "lifecycle_details": null,
            "network_security_group_ids": [],
            "response_cache_details": [
              {
                "authentication_secret_id": "",
                "authentication_secret_version_number": "",
                "connect_timeout_in_ms": 0,
                "is_ssl_enabled": false,
                "is_ssl_verify_disabled": false,
                "read_timeout_in_ms": 0,
                "send_timeout_in_ms": 0,
                "servers": [],
                "type": "NONE"
              }
            ],
            "state": "ACTIVE",
            "subnet_id": "ocid1.subnet.oc1.iad.aaaaaaaaoaixgtgoo3sggsfzycct5ys43a72kiaz5n5vl6ob6vcytxt74wyq",
            "time_created": "2024-07-22 20:41:31.368 +0000 UTC",
            "time_updated": "2024-07-23 13:23:29.666 +0000 UTC",
            "timeouts": null
          },
          "sensitive_attributes": [],
          "private": "eyJlMmJmYjczMC1lY2FhLTExZTYtOGY4OC0zNDM2M2JjN2M0YzAiOnsiY3JlYXRlIjoxMjAwMDAwMDAwMDAwLCJkZWxldGUiOjEyMDAwMDAwMDAwMDAsInVwZGF0ZSI6MTIwMDAwMDAwMDAwMH0sInNjaGVtYV92ZXJzaW9uIjoiMCJ9"
        }
      ]
    },
    {
      "mode": "managed",
      "type": "oci_apigateway_subscriber",
      "name": "subscriber",
      "provider": "provider[\"registry.terraform.io/hashicorp/oci\"]",
      "instances": [
        {
          "index_key": 0,
          "schema_version": 0,
          "attributes": {
            "clients": [
              {
                "name": "oTech",
                "token": "Q0v23abPwVyKnDlxgk5YnssrRonyktzHx2zsfY-BcRA"
              }
            ],
            "compartment_id": "ocid1.compartment.oc1..aaaaaaaayp3344wjk7ezaf5s7acep5sxm6q4cdegpu3lyt3dgp7vd5oifr6q",
            "defined_tags": {},
            "display_name": "oTech",
            "freeform_tags": {},
            "id": "ocid1.apigatewaysubscriber.oc1.iad.amaaaaaa6n4kpkyaheriwkuilkvf2q6q2ypjn73kv7cbwt4cmq7pyp5esh5q",
            "lifecycle_details": null,
            "state": "ACTIVE",
            "time_created": "2024-08-26 13:29:31.122 +0000 UTC",
            "time_updated": "2024-08-26 13:30:36.148 +0000 UTC",
            "timeouts": null,
            "usage_plans": [
              "ocid1.apigatewayusageplan.oc1.iad.amaaaaaa6n4kpkyaycfkx2od7abgydfct3xctqdhhhbjgkesadcyc7chrckq"
            ]
          },
          "sensitive_attributes": [],
          "private": "eyJlMmJmYjczMC1lY2FhLTExZTYtOGY4OC0zNDM2M2JjN2M0YzAiOnsiY3JlYXRlIjoxMjAwMDAwMDAwMDAwLCJkZWxldGUiOjEyMDAwMDAwMDAwMDAsInVwZGF0ZSI6MTIwMDAwMDAwMDAwMH0sInNjaGVtYV92ZXJzaW9uIjoiMCJ9",
          "dependencies": [
            "oci_apigateway_deployment.gw_deployment",
            "oci_apigateway_gateway.apigateway",
            "oci_apigateway_usage_plan.usageplan"
          ]
        },
        {
          "index_key": 1,
          "schema_version": 0,
          "attributes": {
            "clients": [
              {
                "name": "agent49",
                "token": "CKxh6AvPsYvWNrh4Qy5U0hbDpxQ4yBWdGSEYzzXGeQg"
              }
            ],
            "compartment_id": "ocid1.compartment.oc1..aaaaaaaayp3344wjk7ezaf5s7acep5sxm6q4cdegpu3lyt3dgp7vd5oifr6q",
            "defined_tags": {},
            "display_name": "agent49",
            "freeform_tags": {},
            "id": "ocid1.apigatewaysubscriber.oc1.iad.amaaaaaa6n4kpkyanczz34pmqyze3ieymm7bv5ndtfohknscpanwiev272xa",
            "lifecycle_details": null,
            "state": "ACTIVE",
            "time_created": "2024-08-13 21:02:03.012 +0000 UTC",
            "time_updated": "2024-08-13 21:02:24.112 +0000 UTC",
            "timeouts": null,
            "usage_plans": [
              "ocid1.apigatewayusageplan.oc1.iad.amaaaaaa6n4kpkyaycfkx2od7abgydfct3xctqdhhhbjgkesadcyc7chrckq"
            ]
          },
          "sensitive_attributes": [],
          "private": "eyJlMmJmYjczMC1lY2FhLTExZTYtOGY4OC0zNDM2M2JjN2M0YzAiOnsiY3JlYXRlIjoxMjAwMDAwMDAwMDAwLCJkZWxldGUiOjEyMDAwMDAwMDAwMDAsInVwZGF0ZSI6MTIwMDAwMDAwMDAwMH0sInNjaGVtYV92ZXJzaW9uIjoiMCJ9",
          "dependencies": [
            "oci_apigateway_deployment.gw_deployment",
            "oci_apigateway_gateway.apigateway",
            "oci_apigateway_usage_plan.usageplan"
          ]
        },
        {
          "index_key": 2,
          "schema_version": 0,
          "attributes": {
            "clients": [
              {
                "name": "biops",
                "token": "b6CCuqfyG8SQRPvqET8PsCxxBLVQMHlhcA901eLImtM"
              }
            ],
            "compartment_id": "ocid1.compartment.oc1..aaaaaaaayp3344wjk7ezaf5s7acep5sxm6q4cdegpu3lyt3dgp7vd5oifr6q",
            "defined_tags": {},
            "display_name": "biops_team",
            "freeform_tags": {},
            "id": "ocid1.apigatewaysubscriber.oc1.iad.amaaaaaa6n4kpkyat4tsnoktclligwsakbakgjavw7tdnwmalzfkogsls5ea",
            "lifecycle_details": null,
            "state": "ACTIVE",
            "time_created": "2024-08-13 20:54:31.767 +0000 UTC",
            "time_updated": "2024-08-13 21:00:02.122 +0000 UTC",
            "timeouts": null,
            "usage_plans": [
              "ocid1.apigatewayusageplan.oc1.iad.amaaaaaa6n4kpkyaycfkx2od7abgydfct3xctqdhhhbjgkesadcyc7chrckq"
            ]
          },
          "sensitive_attributes": [],
          "private": "eyJlMmJmYjczMC1lY2FhLTExZTYtOGY4OC0zNDM2M2JjN2M0YzAiOnsiY3JlYXRlIjoxMjAwMDAwMDAwMDAwLCJkZWxldGUiOjEyMDAwMDAwMDAwMDAsInVwZGF0ZSI6MTIwMDAwMDAwMDAwMH0sInNjaGVtYV92ZXJzaW9uIjoiMCJ9",
          "dependencies": [
            "oci_apigateway_deployment.gw_deployment",
            "oci_apigateway_gateway.apigateway",
            "oci_apigateway_usage_plan.usageplan"
          ]
        },
        {
          "index_key": 3,
          "schema_version": 0,
          "attributes": {
            "clients": [
              {
                "name": "contractassist",
                "token": "Uan8ECewIzhG4eZmzn7pGPRrL5TbGTKA6QBKEPa9bXA"
              }
            ],
            "compartment_id": "ocid1.compartment.oc1..aaaaaaaayp3344wjk7ezaf5s7acep5sxm6q4cdegpu3lyt3dgp7vd5oifr6q",
            "defined_tags": {},
            "display_name": "contractassist",
            "freeform_tags": {},
            "id": "ocid1.apigatewaysubscriber.oc1.iad.amaaaaaa6n4kpkyakrnfp2bbk3etagq7opqtos5dq7b2tdtmpcu3ymjqssvq",
            "lifecycle_details": null,
            "state": "ACTIVE",
            "time_created": "2024-09-11 18:05:25.608 +0000 UTC",
            "time_updated": "2024-09-11 18:06:23.395 +0000 UTC",
            "timeouts": null,
            "usage_plans": [
              "ocid1.apigatewayusageplan.oc1.iad.amaaaaaa6n4kpkyaycfkx2od7abgydfct3xctqdhhhbjgkesadcyc7chrckq"
            ]
          },
          "sensitive_attributes": [],
          "private": "eyJlMmJmYjczMC1lY2FhLTExZTYtOGY4OC0zNDM2M2JjN2M0YzAiOnsiY3JlYXRlIjoxMjAwMDAwMDAwMDAwLCJkZWxldGUiOjEyMDAwMDAwMDAwMDAsInVwZGF0ZSI6MTIwMDAwMDAwMDAwMH19",
          "dependencies": [
            "oci_apigateway_deployment.gw_deployment",
            "oci_apigateway_gateway.apigateway",
            "oci_apigateway_usage_plan.usageplan"
          ]
        }
      ]
    },
    {
      "mode": "managed",
      "type": "oci_apigateway_usage_plan",
      "name": "usageplan",
      "provider": "provider[\"registry.terraform.io/hashicorp/oci\"]",
      "instances": [
        {
          "index_key": 0,
          "schema_version": 0,
          "attributes": {
            "compartment_id": "ocid1.compartment.oc1..aaaaaaaayp3344wjk7ezaf5s7acep5sxm6q4cdegpu3lyt3dgp7vd5oifr6q",
            "defined_tags": {},
            "display_name": "aiops_team",
            "entitlements": [
              {
                "description": "aiops team plan",
                "name": "aiops",
                "quota": [
                  {
                    "operation_on_breach": "REJECT",
                    "reset_policy": "CALENDAR",
                    "unit": "HOUR",
                    "value": 5000
                  }
                ],
                "rate_limit": [
                  {
                    "unit": "SECOND",
                    "value": 5
                  }
                ],
                "targets": [
                  {
                    "deployment_id": "ocid1.apideployment.oc1.iad.amaaaaaa6n4kpkyaocfcmclal27w6uken36wnmwpiictwc4m3nq5xfc62uva"
                  }
                ]
              }
            ],
            "freeform_tags": {},
            "id": "ocid1.apigatewayusageplan.oc1.iad.amaaaaaa6n4kpkyaycfkx2od7abgydfct3xctqdhhhbjgkesadcyc7chrckq",
            "lifecycle_details": null,
            "state": "ACTIVE",
            "time_created": "2024-08-13 20:50:57.567 +0000 UTC",
            "time_updated": "2024-08-13 21:04:35.899 +0000 UTC",
            "timeouts": null
          },
          "sensitive_attributes": [],
          "private": "eyJlMmJmYjczMC1lY2FhLTExZTYtOGY4OC0zNDM2M2JjN2M0YzAiOnsiY3JlYXRlIjoxMjAwMDAwMDAwMDAwLCJkZWxldGUiOjEyMDAwMDAwMDAwMDAsInVwZGF0ZSI6MTIwMDAwMDAwMDAwMH0sInNjaGVtYV92ZXJzaW9uIjoiMCJ9",
          "dependencies": [
            "oci_apigateway_deployment.gw_deployment",
            "oci_apigateway_gateway.apigateway"
          ]
        }
      ]
    }
  ],
  "check_results": null
}
