{
  "version": 4,
  "terraform_version": "1.9.4",
  "serial": 1,
  "lineage": "0865bbe0-09f8-eff6-1e59-8f3db557e37e",
  "outputs": {},
  "resources": [
    {
      "mode": "managed",
      "type": "oci_apigateway_gateway",
      "name": "apigateway",
      "provider": "provider[\"registry.terraform.io/hashicorp/oci\"]",
      "instances": [
        {
          "schema_version": 0,
          "attributes": {
            "ca_bundles": [],
            "certificate_id": null,
            "compartment_id": "ocid1.compartment.oc1..aaaaaaaayp3344wjk7ezaf5s7acep5sxm6q4cdegpu3lyt3dgp7vd5oifr6q",
            "defined_tags": {},
            "display_name": "oal_test_shared_ai_gateway",
            "endpoint_type": "PUBLIC",
            "freeform_tags": {},
            "hostname": "j3o24jusjjmse55s5aicjwult4.apigateway.us-ashburn-1.oci.customer-oci.com",
            "id": "ocid1.apigateway.oc1.iad.amaaaaaa6n4kpkya5yawy6u3lku6mpy3tpllzrbggmouwdhkmp3tjtr5tqga",
            "ip_addresses": [
              {
                "ip_address": "147.154.42.47"
              }
            ],
            "lifecycle_details": null,
            "network_security_group_ids": [],
            "response_cache_details": [
              {
                "authentication_secret_id": "",
                "authentication_secret_version_number": "",
                "connect_timeout_in_ms": 0,
                "is_ssl_enabled": false,
                "is_ssl_verify_disabled": false,
                "read_timeout_in_ms": 0,
                "send_timeout_in_ms": 0,
                "servers": [],
                "type": "NONE"
              }
            ],
            "state": "ACTIVE",
            "subnet_id": "ocid1.subnet.oc1.iad.aaaaaaaaoaixgtgoo3sggsfzycct5ys43a72kiaz5n5vl6ob6vcytxt74wyq",
            "time_created": "2024-09-12 17:11:09.606 +0000 UTC",
            "time_updated": "2024-09-12 17:13:17.187 +0000 UTC",
            "timeouts": null
          },
          "sensitive_attributes": [],
          "private": "eyJlMmJmYjczMC1lY2FhLTExZTYtOGY4OC0zNDM2M2JjN2M0YzAiOnsiY3JlYXRlIjoxMjAwMDAwMDAwMDAwLCJkZWxldGUiOjEyMDAwMDAwMDAwMDAsInVwZGF0ZSI6MTIwMDAwMDAwMDAwMH19"
        }
      ]
    }
  ],
  "check_results": null
}
