{
  "version": 4,
  "terraform_version": "1.9.4",
  "serial": 6,
  "lineage": "6cc9a433-ad3e-5581-f952-c1449f6267d7",
  "outputs": {
    "oci_apigateway_usage_plan_output": {
      "value": {
        "compartment_id": "ocid1.compartment.oc1..aaaaaaaabl7czxnk2u4dwczohgcrkkpboxyjaenp7pln7cfjmclaaf7dwr2a",
        "defined_tags": {
          "Oracle-Tags.CreatedBy": "default/vicky.chows@gmail.com",
          "Oracle-Tags.CreatedOn": "2024-08-18T05:31:21.109Z"
        },
        "display_name": "BasicPlan",
        "entitlements": [
          {
            "description": "Basic plan entitlement",
            "name": "Entitlement1",
            "quota": [
              {
                "operation_on_breach": "REJECT",
                "reset_policy": "CALENDAR",
                "unit": "HOUR",
                "value": 1000
              }
            ],
            "rate_limit": [
              {
                "unit": "SECOND",
                "value": 10
              }
            ],
            "targets": [
              {
                "deployment_id": "ocid1.apideployment.oc1.iad.amaaaaaan3n6yvyaoliqhad2sijnwpezo4llttarfk2nhwgcfzkmzifaazyq"
              }
            ]
          }
        ],
        "freeform_tags": {
          "Owner": "oal team"
        },
        "id": "ocid1.apigatewayusageplan.oc1.iad.amaaaaaan3n6yvya6t4lufyyjov2usl3bnhrpwppo7nq3c3mmwnhnwgzmnxq",
        "lifecycle_details": null,
        "state": "ACTIVE",
        "time_created": "2024-08-18 05:31:21.952 +0000 UTC",
        "time_updated": "2024-08-18 05:32:04.743 +0000 UTC",
        "usage_plan_id": "ocid1.apigatewayusageplan.oc1.iad.amaaaaaan3n6yvya6t4lufyyjov2usl3bnhrpwppo7nq3c3mmwnhnwgzmnxq"
      },
      "type": [
        "object",
        {
          "compartment_id": "string",
          "defined_tags": [
            "map",
            "string"
          ],
          "display_name": "string",
          "entitlements": [
            "list",
            [
              "object",
              {
                "description": "string",
                "name": "string",
                "quota": [
                  "list",
                  [
                    "object",
                    {
                      "operation_on_breach": "string",
                      "reset_policy": "string",
                      "unit": "string",
                      "value": "number"
                    }
                  ]
                ],
                "rate_limit": [
                  "list",
                  [
                    "object",
                    {
                      "unit": "string",
                      "value": "number"
                    }
                  ]
                ],
                "targets": [
                  "list",
                  [
                    "object",
                    {
                      "deployment_id": "string"
                    }
                  ]
                ]
              }
            ]
          ],
          "freeform_tags": [
            "map",
            "string"
          ],
          "id": "string",
          "lifecycle_details": "string",
          "state": "string",
          "time_created": "string",
          "time_updated": "string",
          "usage_plan_id": "string"
        }
      ]
    },
    "token": {
      "value": [
        {
          "id": "L00THMeX",
          "keepers": null,
          "length": 8,
          "lower": true,
          "min_lower": 0,
          "min_numeric": 0,
          "min_special": 0,
          "min_upper": 0,
          "number": true,
          "numeric": true,
          "override_special": null,
          "result": "L00THMeX",
          "special": false,
          "upper": true
        },
        {
          "id": "ESsNpH0i",
          "keepers": null,
          "length": 8,
          "lower": true,
          "min_lower": 0,
          "min_numeric": 0,
          "min_special": 0,
          "min_upper": 0,
          "number": true,
          "numeric": true,
          "override_special": null,
          "result": "ESsNpH0i",
          "special": false,
          "upper": true
        }
      ],
      "type": [
        "tuple",
        [
          [
            "object",
            {
              "id": "string",
              "keepers": [
                "map",
                "string"
              ],
              "length": "number",
              "lower": "bool",
              "min_lower": "number",
              "min_numeric": "number",
              "min_special": "number",
              "min_upper": "number",
              "number": "bool",
              "numeric": "bool",
              "override_special": "string",
              "result": "string",
              "special": "bool",
              "upper": "bool"
            }
          ],
          [
            "object",
            {
              "id": "string",
              "keepers": [
                "map",
                "string"
              ],
              "length": "number",
              "lower": "bool",
              "min_lower": "number",
              "min_numeric": "number",
              "min_special": "number",
              "min_upper": "number",
              "number": "bool",
              "numeric": "bool",
              "override_special": "string",
              "result": "string",
              "special": "bool",
              "upper": "bool"
            }
          ]
        ]
      ]
    }
  },
  "resources": [
    {
      "mode": "data",
      "type": "oci_apigateway_usage_plan",
      "name": "test_usage_plan",
      "provider": "provider[\"registry.terraform.io/hashicorp/oci\"]",
      "instances": [
        {
          "schema_version": 0,
          "attributes": {
            "compartment_id": "ocid1.compartment.oc1..aaaaaaaabl7czxnk2u4dwczohgcrkkpboxyjaenp7pln7cfjmclaaf7dwr2a",
            "defined_tags": {
              "Oracle-Tags.CreatedBy": "default/vicky.chows@gmail.com",
              "Oracle-Tags.CreatedOn": "2024-08-18T05:31:21.109Z"
            },
            "display_name": "BasicPlan",
            "entitlements": [
              {
                "description": "Basic plan entitlement",
                "name": "Entitlement1",
                "quota": [
                  {
                    "operation_on_breach": "REJECT",
                    "reset_policy": "CALENDAR",
                    "unit": "HOUR",
                    "value": 1000
                  }
                ],
                "rate_limit": [
                  {
                    "unit": "SECOND",
                    "value": 10
                  }
                ],
                "targets": [
                  {
                    "deployment_id": "ocid1.apideployment.oc1.iad.amaaaaaan3n6yvyaoliqhad2sijnwpezo4llttarfk2nhwgcfzkmzifaazyq"
                  }
                ]
              }
            ],
            "freeform_tags": {
              "Owner": "oal team"
            },
            "id": "ocid1.apigatewayusageplan.oc1.iad.amaaaaaan3n6yvya6t4lufyyjov2usl3bnhrpwppo7nq3c3mmwnhnwgzmnxq",
            "lifecycle_details": null,
            "state": "ACTIVE",
            "time_created": "2024-08-18 05:31:21.952 +0000 UTC",
            "time_updated": "2024-08-18 05:32:04.743 +0000 UTC",
            "usage_plan_id": "ocid1.apigatewayusageplan.oc1.iad.amaaaaaan3n6yvya6t4lufyyjov2usl3bnhrpwppo7nq3c3mmwnhnwgzmnxq"
          },
          "sensitive_attributes": []
        }
      ]
    },
    {
      "mode": "managed",
      "type": "random_string",
      "name": "client_token",
      "provider": "provider[\"registry.terraform.io/hashicorp/random\"]",
      "instances": [
        {
          "index_key": 0,
          "schema_version": 2,
          "attributes": {
            "id": "L00THMeX",
            "keepers": null,
            "length": 8,
            "lower": true,
            "min_lower": 0,
            "min_numeric": 0,
            "min_special": 0,
            "min_upper": 0,
            "number": true,
            "numeric": true,
            "override_special": null,
            "result": "L00THMeX",
            "special": false,
            "upper": true
          },
          "sensitive_attributes": []
        },
        {
          "index_key": 1,
          "schema_version": 2,
          "attributes": {
            "id": "ESsNpH0i",
            "keepers": null,
            "length": 8,
            "lower": true,
            "min_lower": 0,
            "min_numeric": 0,
            "min_special": 0,
            "min_upper": 0,
            "number": true,
            "numeric": true,
            "override_special": null,
            "result": "ESsNpH0i",
            "special": false,
            "upper": true
          },
          "sensitive_attributes": []
        }
      ]
    }
  ],
  "check_results": null
}
